// !$*UTF8*$!
{
	archiveVersion = 1;
	classes = {
	};
	objectVersion = 48;
	objects = {

/* Begin PBXBuildFile section */
		6C4E938720FEBA6000B0BCBE /* TSBaseTransitionViewController.m in Sources */ = {isa = PBXBuildFile; fileRef = 6C4E938620FEBA6000B0BCBE /* TSBaseTransitionViewController.m */; };
		6C4E938A20FF0B8B00B0BCBE /* TSBaseTransition.m in Sources */ = {isa = PBXBuildFile; fileRef = 6C4E938920FF0B8B00B0BCBE /* TSBaseTransition.m */; };
		6C4E938D20FF103500B0BCBE /* TSBottomUpTransition.m in Sources */ = {isa = PBXBuildFile; fileRef = 6C4E938C20FF103500B0BCBE /* TSBottomUpTransition.m */; };
		6C7EBC36219909FB00B093BA /* TSNaviAnimationManager.m in Sources */ = {isa = PBXBuildFile; fileRef = 6C7EBC35219909FB00B093BA /* TSNaviAnimationManager.m */; };
		6C7EBC3C219AC69E00B093BA /* TSMeViewController.m in Sources */ = {isa = PBXBuildFile; fileRef = 6C7EBC3B219AC69E00B093BA /* TSMeViewController.m */; };
		6C7EBC3F219AC6B800B093BA /* TSHomeViewController.m in Sources */ = {isa = PBXBuildFile; fileRef = 6C7EBC3E219AC6B800B093BA /* TSHomeViewController.m */; };
		6C7EBC42219AE0D700B093BA /* TSUserInfoViewController.m in Sources */ = {isa = PBXBuildFile; fileRef = 6C7EBC41219AE0D700B093BA /* TSUserInfoViewController.m */; };
		6C7EBC45219AE3DC00B093BA /* TSAlertDemoViewController.m in Sources */ = {isa = PBXBuildFile; fileRef = 6C7EBC44219AE3DC00B093BA /* TSAlertDemoViewController.m */; };
		6C7EBC48219AE6C200B093BA /* TSBottomViewController.m in Sources */ = {isa = PBXBuildFile; fileRef = 6C7EBC47219AE6C200B093BA /* TSBottomViewController.m */; };
		6C7EBC4B219AEC9700B093BA /* TSOrderConfirmViewController.m in Sources */ = {isa = PBXBuildFile; fileRef = 6C7EBC4A219AEC9700B093BA /* TSOrderConfirmViewController.m */; };
		6CA192A420E5CC1D00E21E41 /* MainViewController.m in Sources */ = {isa = PBXBuildFile; fileRef = 6CA192A320E5CC1D00E21E41 /* MainViewController.m */; };
		6CD91B1120DA2C7200DC0F6A /* AppDelegate.m in Sources */ = {isa = PBXBuildFile; fileRef = 6CD91B1020DA2C7200DC0F6A /* AppDelegate.m */; };
		6CD91B1920DA2C7200DC0F6A /* Assets.xcassets in Resources */ = {isa = PBXBuildFile; fileRef = 6CD91B1820DA2C7200DC0F6A /* Assets.xcassets */; };
		6CD91B1C20DA2C7200DC0F6A /* LaunchScreen.storyboard in Resources */ = {isa = PBXBuildFile; fileRef = 6CD91B1A20DA2C7200DC0F6A /* LaunchScreen.storyboard */; };
		6CD91B1F20DA2C7200DC0F6A /* main.m in Sources */ = {isa = PBXBuildFile; fileRef = 6CD91B1E20DA2C7200DC0F6A /* main.m */; };
		6CD91B2920DA2C7300DC0F6A /* TSTSTransionKitDemoTests.m in Sources */ = {isa = PBXBuildFile; fileRef = 6CD91B2820DA2C7300DC0F6A /* TSTSTransionKitDemoTests.m */; };
		6CD91B3420DA2C7300DC0F6A /* TSTSTransionKitDemoUITests.m in Sources */ = {isa = PBXBuildFile; fileRef = 6CD91B3320DA2C7300DC0F6A /* TSTSTransionKitDemoUITests.m */; };
		6CD91B4320DA310200DC0F6A /* Podfile in Resources */ = {isa = PBXBuildFile; fileRef = 6CD91B4220DA310200DC0F6A /* Podfile */; };
		6CE779062196D92D004A6C44 /* TSAlertView.m in Sources */ = {isa = PBXBuildFile; fileRef = 6CE779052196D92D004A6C44 /* TSAlertView.m */; };
		6CEA83A32192F3F000F51F2E /* TSNaviAnimation.m in Sources */ = {isa = PBXBuildFile; fileRef = 6CEA839F2192F3F000F51F2E /* TSNaviAnimation.m */; };
		6CEA83A42192F3F000F51F2E /* TSBaseAnimation.m in Sources */ = {isa = PBXBuildFile; fileRef = 6CEA83A12192F3F000F51F2E /* TSBaseAnimation.m */; };
		6CEA83A52192F3F000F51F2E /* UIViewController+AnimationTransitioningSnapshot.m in Sources */ = {isa = PBXBuildFile; fileRef = 6CEA83A22192F3F000F51F2E /* UIViewController+AnimationTransitioningSnapshot.m */; };
		6CEA83A82192F47100F51F2E /* TSBaseViewController+TS_Transition.m in Sources */ = {isa = PBXBuildFile; fileRef = 6CEA83A72192F47100F51F2E /* TSBaseViewController+TS_Transition.m */; };
		6CEA83AB219320F300F51F2E /* UINavigationController+Transition.m in Sources */ = {isa = PBXBuildFile; fileRef = 6CEA83AA219320F300F51F2E /* UINavigationController+Transition.m */; };
		6CEA83AD219326DD00F51F2E /* TSConfig.plist in Resources */ = {isa = PBXBuildFile; fileRef = 6CEA83AC219326DD00F51F2E /* TSConfig.plist */; };
		6CEA83B02193367700F51F2E /* TSNaviBottomUpViewController.m in Sources */ = {isa = PBXBuildFile; fileRef = 6CEA83AF2193367700F51F2E /* TSNaviBottomUpViewController.m */; };
		6CEA83B32193379D00F51F2E /* TSAlertTransition.m in Sources */ = {isa = PBXBuildFile; fileRef = 6CEA83B22193379D00F51F2E /* TSAlertTransition.m */; };
		6CEA83B62193F06C00F51F2E /* TSAlertTransitionController.m in Sources */ = {isa = PBXBuildFile; fileRef = 6CEA83B52193F06C00F51F2E /* TSAlertTransitionController.m */; };
		F551EBCDF57A2DDD93A27764 /* Pods_TSTSTransionKitDemo.framework in Frameworks */ = {isa = PBXBuildFile; fileRef = F1A3979B3424EBB7777B2703 /* Pods_TSTSTransionKitDemo.framework */; };
/* End PBXBuildFile section */

/* Begin PBXContainerItemProxy section */
		6CD91B2520DA2C7300DC0F6A /* PBXContainerItemProxy */ = {
			isa = PBXContainerItemProxy;
			containerPortal = 6CD91B0420DA2C7200DC0F6A /* Project object */;
			proxyType = 1;
			remoteGlobalIDString = 6CD91B0B20DA2C7200DC0F6A;
			remoteInfo = TSTSTransionKitDemo;
		};
		6CD91B3020DA2C7300DC0F6A /* PBXContainerItemProxy */ = {
			isa = PBXContainerItemProxy;
			containerPortal = 6CD91B0420DA2C7200DC0F6A /* Project object */;
			proxyType = 1;
			remoteGlobalIDString = 6CD91B0B20DA2C7200DC0F6A;
			remoteInfo = TSTSTransionKitDemo;
		};
/* End PBXContainerItemProxy section */

/* Begin PBXFileReference section */
		0953358EDD5527DFF9DFDD61 /* Pods-TSTSTransionKitDemo.release.xcconfig */ = {isa = PBXFileReference; includeInIndex = 1; lastKnownFileType = text.xcconfig; name = "Pods-TSTSTransionKitDemo.release.xcconfig"; path = "Pods/Target Support Files/Pods-TSTSTransionKitDemo/Pods-TSTSTransionKitDemo.release.xcconfig"; sourceTree = "<group>"; };
		3F5581C2249DCC243804214C /* Pods-TSTSTransionKitDemo.debug.xcconfig */ = {isa = PBXFileReference; includeInIndex = 1; lastKnownFileType = text.xcconfig; name = "Pods-TSTSTransionKitDemo.debug.xcconfig"; path = "Pods/Target Support Files/Pods-TSTSTransionKitDemo/Pods-TSTSTransionKitDemo.debug.xcconfig"; sourceTree = "<group>"; };
		6C4E938520FEBA6000B0BCBE /* TSBaseTransitionViewController.h */ = {isa = PBXFileReference; lastKnownFileType = sourcecode.c.h; path = TSBaseTransitionViewController.h; sourceTree = "<group>"; };
		6C4E938620FEBA6000B0BCBE /* TSBaseTransitionViewController.m */ = {isa = PBXFileReference; lastKnownFileType = sourcecode.c.objc; path = TSBaseTransitionViewController.m; sourceTree = "<group>"; };
		6C4E938820FF0B8B00B0BCBE /* TSBaseTransition.h */ = {isa = PBXFileReference; lastKnownFileType = sourcecode.c.h; path = TSBaseTransition.h; sourceTree = "<group>"; };
		6C4E938920FF0B8B00B0BCBE /* TSBaseTransition.m */ = {isa = PBXFileReference; lastKnownFileType = sourcecode.c.objc; path = TSBaseTransition.m; sourceTree = "<group>"; };
		6C4E938B20FF103500B0BCBE /* TSBottomUpTransition.h */ = {isa = PBXFileReference; lastKnownFileType = sourcecode.c.h; path = TSBottomUpTransition.h; sourceTree = "<group>"; };
		6C4E938C20FF103500B0BCBE /* TSBottomUpTransition.m */ = {isa = PBXFileReference; lastKnownFileType = sourcecode.c.objc; path = TSBottomUpTransition.m; sourceTree = "<group>"; };
		6C7EBC34219909FB00B093BA /* TSNaviAnimationManager.h */ = {isa = PBXFileReference; lastKnownFileType = sourcecode.c.h; path = TSNaviAnimationManager.h; sourceTree = "<group>"; };
		6C7EBC35219909FB00B093BA /* TSNaviAnimationManager.m */ = {isa = PBXFileReference; lastKnownFileType = sourcecode.c.objc; path = TSNaviAnimationManager.m; sourceTree = "<group>"; };
		6C7EBC3A219AC69E00B093BA /* TSMeViewController.h */ = {isa = PBXFileReference; lastKnownFileType = sourcecode.c.h; path = TSMeViewController.h; sourceTree = "<group>"; };
		6C7EBC3B219AC69E00B093BA /* TSMeViewController.m */ = {isa = PBXFileReference; lastKnownFileType = sourcecode.c.objc; path = TSMeViewController.m; sourceTree = "<group>"; };
		6C7EBC3D219AC6B800B093BA /* TSHomeViewController.h */ = {isa = PBXFileReference; lastKnownFileType = sourcecode.c.h; path = TSHomeViewController.h; sourceTree = "<group>"; };
		6C7EBC3E219AC6B800B093BA /* TSHomeViewController.m */ = {isa = PBXFileReference; lastKnownFileType = sourcecode.c.objc; path = TSHomeViewController.m; sourceTree = "<group>"; };
		6C7EBC40219AE0D700B093BA /* TSUserInfoViewController.h */ = {isa = PBXFileReference; lastKnownFileType = sourcecode.c.h; path = TSUserInfoViewController.h; sourceTree = "<group>"; };
		6C7EBC41219AE0D700B093BA /* TSUserInfoViewController.m */ = {isa = PBXFileReference; lastKnownFileType = sourcecode.c.objc; path = TSUserInfoViewController.m; sourceTree = "<group>"; };
		6C7EBC43219AE3DC00B093BA /* TSAlertDemoViewController.h */ = {isa = PBXFileReference; lastKnownFileType = sourcecode.c.h; path = TSAlertDemoViewController.h; sourceTree = "<group>"; };
		6C7EBC44219AE3DC00B093BA /* TSAlertDemoViewController.m */ = {isa = PBXFileReference; lastKnownFileType = sourcecode.c.objc; path = TSAlertDemoViewController.m; sourceTree = "<group>"; };
		6C7EBC46219AE6C200B093BA /* TSBottomViewController.h */ = {isa = PBXFileReference; lastKnownFileType = sourcecode.c.h; path = TSBottomViewController.h; sourceTree = "<group>"; };
		6C7EBC47219AE6C200B093BA /* TSBottomViewController.m */ = {isa = PBXFileReference; lastKnownFileType = sourcecode.c.objc; path = TSBottomViewController.m; sourceTree = "<group>"; };
		6C7EBC49219AEC9700B093BA /* TSOrderConfirmViewController.h */ = {isa = PBXFileReference; lastKnownFileType = sourcecode.c.h; path = TSOrderConfirmViewController.h; sourceTree = "<group>"; };
		6C7EBC4A219AEC9700B093BA /* TSOrderConfirmViewController.m */ = {isa = PBXFileReference; lastKnownFileType = sourcecode.c.objc; path = TSOrderConfirmViewController.m; sourceTree = "<group>"; };
		6CA192A220E5CC1D00E21E41 /* MainViewController.h */ = {isa = PBXFileReference; lastKnownFileType = sourcecode.c.h; path = MainViewController.h; sourceTree = "<group>"; };
		6CA192A320E5CC1D00E21E41 /* MainViewController.m */ = {isa = PBXFileReference; lastKnownFileType = sourcecode.c.objc; path = MainViewController.m; sourceTree = "<group>"; };
		6CB42F872196F7D100F48644 /* TSTransitionKit.h */ = {isa = PBXFileReference; lastKnownFileType = sourcecode.c.h; path = TSTransitionKit.h; sourceTree = "<group>"; };
		6CD91B0C20DA2C7200DC0F6A /* TSTSTransionKitDemo.app */ = {isa = PBXFileReference; explicitFileType = wrapper.application; includeInIndex = 0; path = TSTSTransionKitDemo.app; sourceTree = BUILT_PRODUCTS_DIR; };
		6CD91B0F20DA2C7200DC0F6A /* AppDelegate.h */ = {isa = PBXFileReference; lastKnownFileType = sourcecode.c.h; path = AppDelegate.h; sourceTree = "<group>"; };
		6CD91B1020DA2C7200DC0F6A /* AppDelegate.m */ = {isa = PBXFileReference; lastKnownFileType = sourcecode.c.objc; path = AppDelegate.m; sourceTree = "<group>"; };
		6CD91B1820DA2C7200DC0F6A /* Assets.xcassets */ = {isa = PBXFileReference; lastKnownFileType = folder.assetcatalog; path = Assets.xcassets; sourceTree = "<group>"; };
		6CD91B1B20DA2C7200DC0F6A /* Base */ = {isa = PBXFileReference; lastKnownFileType = file.storyboard; name = Base; path = Base.lproj/LaunchScreen.storyboard; sourceTree = "<group>"; };
		6CD91B1D20DA2C7200DC0F6A /* Info.plist */ = {isa = PBXFileReference; lastKnownFileType = text.plist.xml; path = Info.plist; sourceTree = "<group>"; };
		6CD91B1E20DA2C7200DC0F6A /* main.m */ = {isa = PBXFileReference; lastKnownFileType = sourcecode.c.objc; path = main.m; sourceTree = "<group>"; };
		6CD91B2420DA2C7300DC0F6A /* TSTSTransionKitDemoTests.xctest */ = {isa = PBXFileReference; explicitFileType = wrapper.cfbundle; includeInIndex = 0; path = TSTSTransionKitDemoTests.xctest; sourceTree = BUILT_PRODUCTS_DIR; };
		6CD91B2820DA2C7300DC0F6A /* TSTSTransionKitDemoTests.m */ = {isa = PBXFileReference; lastKnownFileType = sourcecode.c.objc; path = TSTSTransionKitDemoTests.m; sourceTree = "<group>"; };
		6CD91B2A20DA2C7300DC0F6A /* Info.plist */ = {isa = PBXFileReference; lastKnownFileType = text.plist.xml; path = Info.plist; sourceTree = "<group>"; };
		6CD91B2F20DA2C7300DC0F6A /* TSTSTransionKitDemoUITests.xctest */ = {isa = PBXFileReference; explicitFileType = wrapper.cfbundle; includeInIndex = 0; path = TSTSTransionKitDemoUITests.xctest; sourceTree = BUILT_PRODUCTS_DIR; };
		6CD91B3320DA2C7300DC0F6A /* TSTSTransionKitDemoUITests.m */ = {isa = PBXFileReference; lastKnownFileType = sourcecode.c.objc; path = TSTSTransionKitDemoUITests.m; sourceTree = "<group>"; };
		6CD91B3520DA2C7300DC0F6A /* Info.plist */ = {isa = PBXFileReference; lastKnownFileType = text.plist.xml; path = Info.plist; sourceTree = "<group>"; };
		6CD91B4220DA310200DC0F6A /* Podfile */ = {isa = PBXFileReference; lastKnownFileType = text; path = Podfile; sourceTree = "<group>"; xcLanguageSpecificationIdentifier = xcode.lang.ruby; };
		6CE779042196D92D004A6C44 /* TSAlertView.h */ = {isa = PBXFileReference; lastKnownFileType = sourcecode.c.h; path = TSAlertView.h; sourceTree = "<group>"; };
		6CE779052196D92D004A6C44 /* TSAlertView.m */ = {isa = PBXFileReference; lastKnownFileType = sourcecode.c.objc; path = TSAlertView.m; sourceTree = "<group>"; };
		6CEA839D2192F3F000F51F2E /* TSBaseAnimation.h */ = {isa = PBXFileReference; fileEncoding = 4; lastKnownFileType = sourcecode.c.h; path = TSBaseAnimation.h; sourceTree = "<group>"; };
		6CEA839E2192F3F000F51F2E /* TSNaviAnimation.h */ = {isa = PBXFileReference; fileEncoding = 4; lastKnownFileType = sourcecode.c.h; path = TSNaviAnimation.h; sourceTree = "<group>"; };
		6CEA839F2192F3F000F51F2E /* TSNaviAnimation.m */ = {isa = PBXFileReference; fileEncoding = 4; lastKnownFileType = sourcecode.c.objc; path = TSNaviAnimation.m; sourceTree = "<group>"; };
		6CEA83A02192F3F000F51F2E /* UIViewController+AnimationTransitioningSnapshot.h */ = {isa = PBXFileReference; fileEncoding = 4; lastKnownFileType = sourcecode.c.h; path = "UIViewController+AnimationTransitioningSnapshot.h"; sourceTree = "<group>"; };
		6CEA83A12192F3F000F51F2E /* TSBaseAnimation.m */ = {isa = PBXFileReference; fileEncoding = 4; lastKnownFileType = sourcecode.c.objc; path = TSBaseAnimation.m; sourceTree = "<group>"; };
		6CEA83A22192F3F000F51F2E /* UIViewController+AnimationTransitioningSnapshot.m */ = {isa = PBXFileReference; fileEncoding = 4; lastKnownFileType = sourcecode.c.objc; path = "UIViewController+AnimationTransitioningSnapshot.m"; sourceTree = "<group>"; };
		6CEA83A62192F47100F51F2E /* TSBaseViewController+TS_Transition.h */ = {isa = PBXFileReference; lastKnownFileType = sourcecode.c.h; path = "TSBaseViewController+TS_Transition.h"; sourceTree = "<group>"; };
		6CEA83A72192F47100F51F2E /* TSBaseViewController+TS_Transition.m */ = {isa = PBXFileReference; lastKnownFileType = sourcecode.c.objc; path = "TSBaseViewController+TS_Transition.m"; sourceTree = "<group>"; };
		6CEA83A9219320F300F51F2E /* UINavigationController+Transition.h */ = {isa = PBXFileReference; lastKnownFileType = sourcecode.c.h; path = "UINavigationController+Transition.h"; sourceTree = "<group>"; };
		6CEA83AA219320F300F51F2E /* UINavigationController+Transition.m */ = {isa = PBXFileReference; lastKnownFileType = sourcecode.c.objc; path = "UINavigationController+Transition.m"; sourceTree = "<group>"; };
		6CEA83AC219326DD00F51F2E /* TSConfig.plist */ = {isa = PBXFileReference; fileEncoding = 4; lastKnownFileType = text.plist.xml; path = TSConfig.plist; sourceTree = "<group>"; };
		6CEA83AE2193367700F51F2E /* TSNaviBottomUpViewController.h */ = {isa = PBXFileReference; lastKnownFileType = sourcecode.c.h; path = TSNaviBottomUpViewController.h; sourceTree = "<group>"; };
		6CEA83AF2193367700F51F2E /* TSNaviBottomUpViewController.m */ = {isa = PBXFileReference; lastKnownFileType = sourcecode.c.objc; path = TSNaviBottomUpViewController.m; sourceTree = "<group>"; };
		6CEA83B12193379D00F51F2E /* TSAlertTransition.h */ = {isa = PBXFileReference; lastKnownFileType = sourcecode.c.h; path = TSAlertTransition.h; sourceTree = "<group>"; };
		6CEA83B22193379D00F51F2E /* TSAlertTransition.m */ = {isa = PBXFileReference; lastKnownFileType = sourcecode.c.objc; path = TSAlertTransition.m; sourceTree = "<group>"; };
		6CEA83B42193F06C00F51F2E /* TSAlertTransitionController.h */ = {isa = PBXFileReference; lastKnownFileType = sourcecode.c.h; path = TSAlertTransitionController.h; sourceTree = "<group>"; };
		6CEA83B52193F06C00F51F2E /* TSAlertTransitionController.m */ = {isa = PBXFileReference; lastKnownFileType = sourcecode.c.objc; path = TSAlertTransitionController.m; sourceTree = "<group>"; };
		F1A3979B3424EBB7777B2703 /* Pods_TSTSTransionKitDemo.framework */ = {isa = PBXFileReference; explicitFileType = wrapper.framework; includeInIndex = 0; path = Pods_TSTSTransionKitDemo.framework; sourceTree = BUILT_PRODUCTS_DIR; };
/* End PBXFileReference section */

/* Begin PBXFrameworksBuildPhase section */
		6CD91B0920DA2C7200DC0F6A /* Frameworks */ = {
			isa = PBXFrameworksBuildPhase;
			buildActionMask = 2147483647;
			files = (
				F551EBCDF57A2DDD93A27764 /* Pods_TSTSTransionKitDemo.framework in Frameworks */,
			);
			runOnlyForDeploymentPostprocessing = 0;
		};
		6CD91B2120DA2C7300DC0F6A /* Frameworks */ = {
			isa = PBXFrameworksBuildPhase;
			buildActionMask = 2147483647;
			files = (
			);
			runOnlyForDeploymentPostprocessing = 0;
		};
		6CD91B2C20DA2C7300DC0F6A /* Frameworks */ = {
			isa = PBXFrameworksBuildPhase;
			buildActionMask = 2147483647;
			files = (
			);
			runOnlyForDeploymentPostprocessing = 0;
		};
/* End PBXFrameworksBuildPhase section */

/* Begin PBXGroup section */
		6C4E937E20FEB93500B0BCBE /* Present */ = {
			isa = PBXGroup;
			children = (
				6C4E938520FEBA6000B0BCBE /* TSBaseTransitionViewController.h */,
				6C4E938620FEBA6000B0BCBE /* TSBaseTransitionViewController.m */,
				6CEA83AE2193367700F51F2E /* TSNaviBottomUpViewController.h */,
				6CEA83AF2193367700F51F2E /* TSNaviBottomUpViewController.m */,
				6C4E938820FF0B8B00B0BCBE /* TSBaseTransition.h */,
				6C4E938920FF0B8B00B0BCBE /* TSBaseTransition.m */,
				6C4E938B20FF103500B0BCBE /* TSBottomUpTransition.h */,
				6C4E938C20FF103500B0BCBE /* TSBottomUpTransition.m */,
			);
			path = Present;
			sourceTree = "<group>";
		};
		6CD91B0320DA2C7200DC0F6A = {
			isa = PBXGroup;
			children = (
				6CD91B4220DA310200DC0F6A /* Podfile */,
				6CD91B0E20DA2C7200DC0F6A /* TSTSTransionKitDemo */,
				6CD91B2720DA2C7300DC0F6A /* TSTSTransionKitDemoTests */,
				6CD91B3220DA2C7300DC0F6A /* TSTSTransionKitDemoUITests */,
				6CD91B0D20DA2C7200DC0F6A /* Products */,
				917CC806745B545542CDB3B4 /* Pods */,
				B0BE490C5DBAB7ABBDCC096D /* Frameworks */,
			);
			sourceTree = "<group>";
		};
		6CD91B0D20DA2C7200DC0F6A /* Products */ = {
			isa = PBXGroup;
			children = (
				6CD91B0C20DA2C7200DC0F6A /* TSTSTransionKitDemo.app */,
				6CD91B2420DA2C7300DC0F6A /* TSTSTransionKitDemoTests.xctest */,
				6CD91B2F20DA2C7300DC0F6A /* TSTSTransionKitDemoUITests.xctest */,
			);
			name = Products;
			sourceTree = "<group>";
		};
		6CD91B0E20DA2C7200DC0F6A /* TSTSTransionKitDemo */ = {
			isa = PBXGroup;
			children = (
				6CD91B4720DA39E700DC0F6A /* Code */,
				6CD91B0F20DA2C7200DC0F6A /* AppDelegate.h */,
				6CD91B1020DA2C7200DC0F6A /* AppDelegate.m */,
				6CEA83AC219326DD00F51F2E /* TSConfig.plist */,
				6CA192A220E5CC1D00E21E41 /* MainViewController.h */,
				6CA192A320E5CC1D00E21E41 /* MainViewController.m */,
				6C7EBC3A219AC69E00B093BA /* TSMeViewController.h */,
				6C7EBC3B219AC69E00B093BA /* TSMeViewController.m */,
				6C7EBC40219AE0D700B093BA /* TSUserInfoViewController.h */,
				6C7EBC41219AE0D700B093BA /* TSUserInfoViewController.m */,
				6C7EBC3D219AC6B800B093BA /* TSHomeViewController.h */,
				6C7EBC3E219AC6B800B093BA /* TSHomeViewController.m */,
				6C7EBC49219AEC9700B093BA /* TSOrderConfirmViewController.h */,
				6C7EBC4A219AEC9700B093BA /* TSOrderConfirmViewController.m */,
				6C7EBC46219AE6C200B093BA /* TSBottomViewController.h */,
				6C7EBC47219AE6C200B093BA /* TSBottomViewController.m */,
				6C7EBC43219AE3DC00B093BA /* TSAlertDemoViewController.h */,
				6C7EBC44219AE3DC00B093BA /* TSAlertDemoViewController.m */,
				6CD91B1820DA2C7200DC0F6A /* Assets.xcassets */,
				6CD91B1A20DA2C7200DC0F6A /* LaunchScreen.storyboard */,
				6CD91B1D20DA2C7200DC0F6A /* Info.plist */,
				6CD91B1E20DA2C7200DC0F6A /* main.m */,
			);
			path = TSTSTransionKitDemo;
			sourceTree = "<group>";
		};
		6CD91B2720DA2C7300DC0F6A /* TSTSTransionKitDemoTests */ = {
			isa = PBXGroup;
			children = (
				6CD91B2820DA2C7300DC0F6A /* TSTSTransionKitDemoTests.m */,
				6CD91B2A20DA2C7300DC0F6A /* Info.plist */,
			);
			path = TSTSTransionKitDemoTests;
			sourceTree = "<group>";
		};
		6CD91B3220DA2C7300DC0F6A /* TSTSTransionKitDemoUITests */ = {
			isa = PBXGroup;
			children = (
				6CD91B3320DA2C7300DC0F6A /* TSTSTransionKitDemoUITests.m */,
				6CD91B3520DA2C7300DC0F6A /* Info.plist */,
			);
			path = TSTSTransionKitDemoUITests;
			sourceTree = "<group>";
		};
		6CD91B4720DA39E700DC0F6A /* Code */ = {
			isa = PBXGroup;
			children = (
				6CB42F872196F7D100F48644 /* TSTransitionKit.h */,
				6CEA839C2192F31D00F51F2E /* Alert */,
				6CEA839B2192F31900F51F2E /* Push */,
				6C4E937E20FEB93500B0BCBE /* Present */,
			);
			name = Code;
			path = ../../Code;
			sourceTree = "<group>";
		};
		6CEA839B2192F31900F51F2E /* Push */ = {
			isa = PBXGroup;
			children = (
				6CEA839D2192F3F000F51F2E /* TSBaseAnimation.h */,
				6CEA83A12192F3F000F51F2E /* TSBaseAnimation.m */,
				6CEA839E2192F3F000F51F2E /* TSNaviAnimation.h */,
				6CEA839F2192F3F000F51F2E /* TSNaviAnimation.m */,
				6C7EBC34219909FB00B093BA /* TSNaviAnimationManager.h */,
				6C7EBC35219909FB00B093BA /* TSNaviAnimationManager.m */,
				6CEA83A02192F3F000F51F2E /* UIViewController+AnimationTransitioningSnapshot.h */,
				6CEA83A22192F3F000F51F2E /* UIViewController+AnimationTransitioningSnapshot.m */,
				6CEA83A62192F47100F51F2E /* TSBaseViewController+TS_Transition.h */,
				6CEA83A72192F47100F51F2E /* TSBaseViewController+TS_Transition.m */,
				6CEA83A9219320F300F51F2E /* UINavigationController+Transition.h */,
				6CEA83AA219320F300F51F2E /* UINavigationController+Transition.m */,
			);
			path = Push;
			sourceTree = "<group>";
		};
		6CEA839C2192F31D00F51F2E /* Alert */ = {
			isa = PBXGroup;
			children = (
				6CEA83B12193379D00F51F2E /* TSAlertTransition.h */,
				6CEA83B22193379D00F51F2E /* TSAlertTransition.m */,
				6CEA83B42193F06C00F51F2E /* TSAlertTransitionController.h */,
				6CEA83B52193F06C00F51F2E /* TSAlertTransitionController.m */,
				6CE779042196D92D004A6C44 /* TSAlertView.h */,
				6CE779052196D92D004A6C44 /* TSAlertView.m */,
			);
			path = Alert;
			sourceTree = "<group>";
		};
		917CC806745B545542CDB3B4 /* Pods */ = {
			isa = PBXGroup;
			children = (
				3F5581C2249DCC243804214C /* Pods-TSTSTransionKitDemo.debug.xcconfig */,
				0953358EDD5527DFF9DFDD61 /* Pods-TSTSTransionKitDemo.release.xcconfig */,
			);
			name = Pods;
			sourceTree = "<group>";
		};
		B0BE490C5DBAB7ABBDCC096D /* Frameworks */ = {
			isa = PBXGroup;
			children = (
				F1A3979B3424EBB7777B2703 /* Pods_TSTSTransionKitDemo.framework */,
			);
			name = Frameworks;
			sourceTree = "<group>";
		};
/* End PBXGroup section */

/* Begin PBXNativeTarget section */
		6CD91B0B20DA2C7200DC0F6A /* TSTSTransionKitDemo */ = {
			isa = PBXNativeTarget;
			buildConfigurationList = 6CD91B3820DA2C7300DC0F6A /* Build configuration list for PBXNativeTarget "TSTSTransionKitDemo" */;
			buildPhases = (
				E2C6258D83FFAF23D7C00362 /* [CP] Check Pods Manifest.lock */,
				6CD91B0820DA2C7200DC0F6A /* Sources */,
				6CD91B0920DA2C7200DC0F6A /* Frameworks */,
				6CD91B0A20DA2C7200DC0F6A /* Resources */,
				F421E956AC9B44F047AC1788 /* [CP] Embed Pods Frameworks */,
			);
			buildRules = (
			);
			dependencies = (
			);
			name = TSTSTransionKitDemo;
			productName = TSTSTransionKitDemo;
			productReference = 6CD91B0C20DA2C7200DC0F6A /* TSTSTransionKitDemo.app */;
			productType = "com.apple.product-type.application";
		};
		6CD91B2320DA2C7300DC0F6A /* TSTSTransionKitDemoTests */ = {
			isa = PBXNativeTarget;
			buildConfigurationList = 6CD91B3B20DA2C7300DC0F6A /* Build configuration list for PBXNativeTarget "TSTSTransionKitDemoTests" */;
			buildPhases = (
				6CD91B2020DA2C7300DC0F6A /* Sources */,
				6CD91B2120DA2C7300DC0F6A /* Frameworks */,
				6CD91B2220DA2C7300DC0F6A /* Resources */,
			);
			buildRules = (
			);
			dependencies = (
				6CD91B2620DA2C7300DC0F6A /* PBXTargetDependency */,
			);
			name = TSTSTransionKitDemoTests;
			productName = TSTSTransionKitDemoTests;
			productReference = 6CD91B2420DA2C7300DC0F6A /* TSTSTransionKitDemoTests.xctest */;
			productType = "com.apple.product-type.bundle.unit-test";
		};
		6CD91B2E20DA2C7300DC0F6A /* TSTSTransionKitDemoUITests */ = {
			isa = PBXNativeTarget;
			buildConfigurationList = 6CD91B3E20DA2C7300DC0F6A /* Build configuration list for PBXNativeTarget "TSTSTransionKitDemoUITests" */;
			buildPhases = (
				6CD91B2B20DA2C7300DC0F6A /* Sources */,
				6CD91B2C20DA2C7300DC0F6A /* Frameworks */,
				6CD91B2D20DA2C7300DC0F6A /* Resources */,
			);
			buildRules = (
			);
			dependencies = (
				6CD91B3120DA2C7300DC0F6A /* PBXTargetDependency */,
			);
			name = TSTSTransionKitDemoUITests;
			productName = TSTSTransionKitDemoUITests;
			productReference = 6CD91B2F20DA2C7300DC0F6A /* TSTSTransionKitDemoUITests.xctest */;
			productType = "com.apple.product-type.bundle.ui-testing";
		};
/* End PBXNativeTarget section */

/* Begin PBXProject section */
		6CD91B0420DA2C7200DC0F6A /* Project object */ = {
			isa = PBXProject;
			attributes = {
				LastUpgradeCheck = 0920;
				ORGANIZATIONNAME = "three stone 王";
				TargetAttributes = {
					6CD91B0B20DA2C7200DC0F6A = {
						CreatedOnToolsVersion = 9.2;
						ProvisioningStyle = Automatic;
					};
					6CD91B2320DA2C7300DC0F6A = {
						CreatedOnToolsVersion = 9.2;
						ProvisioningStyle = Automatic;
						TestTargetID = 6CD91B0B20DA2C7200DC0F6A;
					};
					6CD91B2E20DA2C7300DC0F6A = {
						CreatedOnToolsVersion = 9.2;
						ProvisioningStyle = Automatic;
						TestTargetID = 6CD91B0B20DA2C7200DC0F6A;
					};
				};
			};
			buildConfigurationList = 6CD91B0720DA2C7200DC0F6A /* Build configuration list for PBXProject "TSTSTransionKitDemo" */;
			compatibilityVersion = "Xcode 8.0";
			developmentRegion = en;
			hasScannedForEncodings = 0;
			knownRegions = (
				en,
				Base,
			);
			mainGroup = 6CD91B0320DA2C7200DC0F6A;
			productRefGroup = 6CD91B0D20DA2C7200DC0F6A /* Products */;
			projectDirPath = "";
			projectRoot = "";
			targets = (
				6CD91B0B20DA2C7200DC0F6A /* TSTSTransionKitDemo */,
				6CD91B2320DA2C7300DC0F6A /* TSTSTransionKitDemoTests */,
				6CD91B2E20DA2C7300DC0F6A /* TSTSTransionKitDemoUITests */,
			);
		};
/* End PBXProject section */

/* Begin PBXResourcesBuildPhase section */
		6CD91B0A20DA2C7200DC0F6A /* Resources */ = {
			isa = PBXResourcesBuildPhase;
			buildActionMask = 2147483647;
			files = (
				6CD91B1C20DA2C7200DC0F6A /* LaunchScreen.storyboard in Resources */,
				6CEA83AD219326DD00F51F2E /* TSConfig.plist in Resources */,
				6CD91B1920DA2C7200DC0F6A /* Assets.xcassets in Resources */,
				6CD91B4320DA310200DC0F6A /* Podfile in Resources */,
			);
			runOnlyForDeploymentPostprocessing = 0;
		};
		6CD91B2220DA2C7300DC0F6A /* Resources */ = {
			isa = PBXResourcesBuildPhase;
			buildActionMask = 2147483647;
			files = (
			);
			runOnlyForDeploymentPostprocessing = 0;
		};
		6CD91B2D20DA2C7300DC0F6A /* Resources */ = {
			isa = PBXResourcesBuildPhase;
			buildActionMask = 2147483647;
			files = (
			);
			runOnlyForDeploymentPostprocessing = 0;
		};
/* End PBXResourcesBuildPhase section */

/* Begin PBXShellScriptBuildPhase section */
		E2C6258D83FFAF23D7C00362 /* [CP] Check Pods Manifest.lock */ = {
			isa = PBXShellScriptBuildPhase;
			buildActionMask = 2147483647;
			files = (
			);
			inputPaths = (
				"${PODS_PODFILE_DIR_PATH}/Podfile.lock",
				"${PODS_ROOT}/Manifest.lock",
			);
			name = "[CP] Check Pods Manifest.lock";
			outputPaths = (
				"$(DERIVED_FILE_DIR)/Pods-TSTSTransionKitDemo-checkManifestLockResult.txt",
			);
			runOnlyForDeploymentPostprocessing = 0;
			shellPath = /bin/sh;
			shellScript = "diff \"${PODS_PODFILE_DIR_PATH}/Podfile.lock\" \"${PODS_ROOT}/Manifest.lock\" > /dev/null\nif [ $? != 0 ] ; then\n    # print error to STDERR\n    echo \"error: The sandbox is not in sync with the Podfile.lock. Run 'pod install' or update your CocoaPods installation.\" >&2\n    exit 1\nfi\n# This output is used by Xcode 'outputs' to avoid re-running this script phase.\necho \"SUCCESS\" > \"${SCRIPT_OUTPUT_FILE_0}\"\n";
			showEnvVarsInLog = 0;
		};
		F421E956AC9B44F047AC1788 /* [CP] Embed Pods Frameworks */ = {
			isa = PBXShellScriptBuildPhase;
			buildActionMask = 2147483647;
			files = (
			);
			inputPaths = (
				"${SRCROOT}/Pods/Target Support Files/Pods-TSTSTransionKitDemo/Pods-TSTSTransionKitDemo-frameworks.sh",
				"${BUILT_PRODUCTS_DIR}/JXTAlertManager/JXTAlertManager.framework",
				"${BUILT_PRODUCTS_DIR}/TS_BaseViewController/TS_BaseViewController.framework",
				"${BUILT_PRODUCTS_DIR}/TS_ToolKit/TS_ToolKit.framework",
			);
			name = "[CP] Embed Pods Frameworks";
			outputPaths = (
				"${TARGET_BUILD_DIR}/${FRAMEWORKS_FOLDER_PATH}/JXTAlertManager.framework",
				"${TARGET_BUILD_DIR}/${FRAMEWORKS_FOLDER_PATH}/TS_BaseViewController.framework",
				"${TARGET_BUILD_DIR}/${FRAMEWORKS_FOLDER_PATH}/TS_ToolKit.framework",
			);
			runOnlyForDeploymentPostprocessing = 0;
			shellPath = /bin/sh;
			shellScript = "\"${SRCROOT}/Pods/Target Support Files/Pods-TSTSTransionKitDemo/Pods-TSTSTransionKitDemo-frameworks.sh\"\n";
			showEnvVarsInLog = 0;
		};
/* End PBXShellScriptBuildPhase section */

/* Begin PBXSourcesBuildPhase section */
		6CD91B0820DA2C7200DC0F6A /* Sources */ = {
			isa = PBXSourcesBuildPhase;
			buildActionMask = 2147483647;
			files = (
				6C7EBC3F219AC6B800B093BA /* TSHomeViewController.m in Sources */,
				6C4E938D20FF103500B0BCBE /* TSBottomUpTransition.m in Sources */,
				6CD91B1F20DA2C7200DC0F6A /* main.m in Sources */,
				6CEA83A52192F3F000F51F2E /* UIViewController+AnimationTransitioningSnapshot.m in Sources */,
				6CA192A420E5CC1D00E21E41 /* MainViewController.m in Sources */,
				6C7EBC48219AE6C200B093BA /* TSBottomViewController.m in Sources */,
				6CEA83A42192F3F000F51F2E /* TSBaseAnimation.m in Sources */,
				6CEA83AB219320F300F51F2E /* UINavigationController+Transition.m in Sources */,
				6CEA83B02193367700F51F2E /* TSNaviBottomUpViewController.m in Sources */,
				6CE779062196D92D004A6C44 /* TSAlertView.m in Sources */,
				6C4E938720FEBA6000B0BCBE /* TSBaseTransitionViewController.m in Sources */,
				6C7EBC36219909FB00B093BA /* TSNaviAnimationManager.m in Sources */,
				6CEA83B32193379D00F51F2E /* TSAlertTransition.m in Sources */,
				6C7EBC3C219AC69E00B093BA /* TSMeViewController.m in Sources */,
				6C7EBC45219AE3DC00B093BA /* TSAlertDemoViewController.m in Sources */,
				6CD91B1120DA2C7200DC0F6A /* AppDelegate.m in Sources */,
				6C7EBC42219AE0D700B093BA /* TSUserInfoViewController.m in Sources */,
				6C7EBC4B219AEC9700B093BA /* TSOrderConfirmViewController.m in Sources */,
				6CEA83B62193F06C00F51F2E /* TSAlertTransitionController.m in Sources */,
				6CEA83A32192F3F000F51F2E /* TSNaviAnimation.m in Sources */,
				6C4E938A20FF0B8B00B0BCBE /* TSBaseTransition.m in Sources */,
				6CEA83A82192F47100F51F2E /* TSBaseViewController+TS_Transition.m in Sources */,
			);
			runOnlyForDeploymentPostprocessing = 0;
		};
		6CD91B2020DA2C7300DC0F6A /* Sources */ = {
			isa = PBXSourcesBuildPhase;
			buildActionMask = 2147483647;
			files = (
				6CD91B2920DA2C7300DC0F6A /* TSTSTransionKitDemoTests.m in Sources */,
			);
			runOnlyForDeploymentPostprocessing = 0;
		};
		6CD91B2B20DA2C7300DC0F6A /* Sources */ = {
			isa = PBXSourcesBuildPhase;
			buildActionMask = 2147483647;
			files = (
				6CD91B3420DA2C7300DC0F6A /* TSTSTransionKitDemoUITests.m in Sources */,
			);
			runOnlyForDeploymentPostprocessing = 0;
		};
/* End PBXSourcesBuildPhase section */

/* Begin PBXTargetDependency section */
		6CD91B2620DA2C7300DC0F6A /* PBXTargetDependency */ = {
			isa = PBXTargetDependency;
			target = 6CD91B0B20DA2C7200DC0F6A /* TSTSTransionKitDemo */;
			targetProxy = 6CD91B2520DA2C7300DC0F6A /* PBXContainerItemProxy */;
		};
		6CD91B3120DA2C7300DC0F6A /* PBXTargetDependency */ = {
			isa = PBXTargetDependency;
			target = 6CD91B0B20DA2C7200DC0F6A /* TSTSTransionKitDemo */;
			targetProxy = 6CD91B3020DA2C7300DC0F6A /* PBXContainerItemProxy */;
		};
/* End PBXTargetDependency section */

/* Begin PBXVariantGroup section */
		6CD91B1A20DA2C7200DC0F6A /* LaunchScreen.storyboard */ = {
			isa = PBXVariantGroup;
			children = (
				6CD91B1B20DA2C7200DC0F6A /* Base */,
			);
			name = LaunchScreen.storyboard;
			sourceTree = "<group>";
		};
/* End PBXVariantGroup section */

/* Begin XCBuildConfiguration section */
		6CD91B3620DA2C7300DC0F6A /* Debug */ = {
			isa = XCBuildConfiguration;
			buildSettings = {
				ALWAYS_SEARCH_USER_PATHS = NO;
				CLANG_ANALYZER_NONNULL = YES;
				CLANG_ANALYZER_NUMBER_OBJECT_CONVERSION = YES_AGGRESSIVE;
				CLANG_CXX_LANGUAGE_STANDARD = "gnu++14";
				CLANG_CXX_LIBRARY = "libc++";
				CLANG_ENABLE_MODULES = YES;
				CLANG_ENABLE_OBJC_ARC = YES;
				CLANG_WARN_BLOCK_CAPTURE_AUTORELEASING = YES;
				CLANG_WARN_BOOL_CONVERSION = YES;
				CLANG_WARN_COMMA = YES;
				CLANG_WARN_CONSTANT_CONVERSION = YES;
				CLANG_WARN_DIRECT_OBJC_ISA_USAGE = YES_ERROR;
				CLANG_WARN_DOCUMENTATION_COMMENTS = YES;
				CLANG_WARN_EMPTY_BODY = YES;
				CLANG_WARN_ENUM_CONVERSION = YES;
				CLANG_WARN_INFINITE_RECURSION = YES;
				CLANG_WARN_INT_CONVERSION = YES;
				CLANG_WARN_NON_LITERAL_NULL_CONVERSION = YES;
				CLANG_WARN_OBJC_LITERAL_CONVERSION = YES;
				CLANG_WARN_OBJC_ROOT_CLASS = YES_ERROR;
				CLANG_WARN_RANGE_LOOP_ANALYSIS = YES;
				CLANG_WARN_STRICT_PROTOTYPES = YES;
				CLANG_WARN_SUSPICIOUS_MOVE = YES;
				CLANG_WARN_UNGUARDED_AVAILABILITY = YES_AGGRESSIVE;
				CLANG_WARN_UNREACHABLE_CODE = YES;
				CLANG_WARN__DUPLICATE_METHOD_MATCH = YES;
				CODE_SIGN_IDENTITY = "iPhone Developer";
				COPY_PHASE_STRIP = NO;
				DEBUG_INFORMATION_FORMAT = dwarf;
				ENABLE_STRICT_OBJC_MSGSEND = YES;
				ENABLE_TESTABILITY = YES;
				GCC_C_LANGUAGE_STANDARD = gnu11;
				GCC_DYNAMIC_NO_PIC = NO;
				GCC_NO_COMMON_BLOCKS = YES;
				GCC_OPTIMIZATION_LEVEL = 0;
				GCC_PREPROCESSOR_DEFINITIONS = (
					"DEBUG=1",
					"$(inherited)",
				);
				GCC_WARN_64_TO_32_BIT_CONVERSION = YES;
				GCC_WARN_ABOUT_RETURN_TYPE = YES_ERROR;
				GCC_WARN_UNDECLARED_SELECTOR = YES;
				GCC_WARN_UNINITIALIZED_AUTOS = YES_AGGRESSIVE;
				GCC_WARN_UNUSED_FUNCTION = YES;
				GCC_WARN_UNUSED_VARIABLE = YES;
				IPHONEOS_DEPLOYMENT_TARGET = 11.2;
				MTL_ENABLE_DEBUG_INFO = YES;
				ONLY_ACTIVE_ARCH = YES;
				SDKROOT = iphoneos;
			};
			name = Debug;
		};
		6CD91B3720DA2C7300DC0F6A /* Release */ = {
			isa = XCBuildConfiguration;
			buildSettings = {
				ALWAYS_SEARCH_USER_PATHS = NO;
				CLANG_ANALYZER_NONNULL = YES;
				CLANG_ANALYZER_NUMBER_OBJECT_CONVERSION = YES_AGGRESSIVE;
				CLANG_CXX_LANGUAGE_STANDARD = "gnu++14";
				CLANG_CXX_LIBRARY = "libc++";
				CLANG_ENABLE_MODULES = YES;
				CLANG_ENABLE_OBJC_ARC = YES;
				CLANG_WARN_BLOCK_CAPTURE_AUTORELEASING = YES;
				CLANG_WARN_BOOL_CONVERSION = YES;
				CLANG_WARN_COMMA = YES;
				CLANG_WARN_CONSTANT_CONVERSION = YES;
				CLANG_WARN_DIRECT_OBJC_ISA_USAGE = YES_ERROR;
				CLANG_WARN_DOCUMENTATION_COMMENTS = YES;
				CLANG_WARN_EMPTY_BODY = YES;
				CLANG_WARN_ENUM_CONVERSION = YES;
				CLANG_WARN_INFINITE_RECURSION = YES;
				CLANG_WARN_INT_CONVERSION = YES;
				CLANG_WARN_NON_LITERAL_NULL_CONVERSION = YES;
				CLANG_WARN_OBJC_LITERAL_CONVERSION = YES;
				CLANG_WARN_OBJC_ROOT_CLASS = YES_ERROR;
				CLANG_WARN_RANGE_LOOP_ANALYSIS = YES;
				CLANG_WARN_STRICT_PROTOTYPES = YES;
				CLANG_WARN_SUSPICIOUS_MOVE = YES;
				CLANG_WARN_UNGUARDED_AVAILABILITY = YES_AGGRESSIVE;
				CLANG_WARN_UNREACHABLE_CODE = YES;
				CLANG_WARN__DUPLICATE_METHOD_MATCH = YES;
				CODE_SIGN_IDENTITY = "iPhone Developer";
				COPY_PHASE_STRIP = NO;
				DEBUG_INFORMATION_FORMAT = "dwarf-with-dsym";
				ENABLE_NS_ASSERTIONS = NO;
				ENABLE_STRICT_OBJC_MSGSEND = YES;
				GCC_C_LANGUAGE_STANDARD = gnu11;
				GCC_NO_COMMON_BLOCKS = YES;
				GCC_WARN_64_TO_32_BIT_CONVERSION = YES;
				GCC_WARN_ABOUT_RETURN_TYPE = YES_ERROR;
				GCC_WARN_UNDECLARED_SELECTOR = YES;
				GCC_WARN_UNINITIALIZED_AUTOS = YES_AGGRESSIVE;
				GCC_WARN_UNUSED_FUNCTION = YES;
				GCC_WARN_UNUSED_VARIABLE = YES;
				IPHONEOS_DEPLOYMENT_TARGET = 11.2;
				MTL_ENABLE_DEBUG_INFO = NO;
				SDKROOT = iphoneos;
				VALIDATE_PRODUCT = YES;
			};
			name = Release;
		};
		6CD91B3920DA2C7300DC0F6A /* Debug */ = {
			isa = XCBuildConfiguration;
			baseConfigurationReference = 3F5581C2249DCC243804214C /* Pods-TSTSTransionKitDemo.debug.xcconfig */;
			buildSettings = {
				ASSETCATALOG_COMPILER_APPICON_NAME = AppIcon;
				CODE_SIGN_STYLE = Automatic;
				DEVELOPMENT_TEAM = G9TR9D33ZW;
				INFOPLIST_FILE = TSTSTransionKitDemo/Info.plist;
				IPHONEOS_DEPLOYMENT_TARGET = 9.0;
				LD_RUNPATH_SEARCH_PATHS = "$(inherited) @executable_path/Frameworks";
				PRODUCT_BUNDLE_IDENTIFIER = com.harpbj.TSTSTransionKitDemo;
				PRODUCT_NAME = "$(TARGET_NAME)";
				TARGETED_DEVICE_FAMILY = 1;
			};
			name = Debug;
		};
		6CD91B3A20DA2C7300DC0F6A /* Release */ = {
			isa = XCBuildConfiguration;
			baseConfigurationReference = 0953358EDD5527DFF9DFDD61 /* Pods-TSTSTransionKitDemo.release.xcconfig */;
			buildSettings = {
				ASSETCATALOG_COMPILER_APPICON_NAME = AppIcon;
				CODE_SIGN_STYLE = Automatic;
				DEVELOPMENT_TEAM = G9TR9D33ZW;
				INFOPLIST_FILE = TSTSTransionKitDemo/Info.plist;
				IPHONEOS_DEPLOYMENT_TARGET = 9.0;
				LD_RUNPATH_SEARCH_PATHS = "$(inherited) @executable_path/Frameworks";
				PRODUCT_BUNDLE_IDENTIFIER = com.harpbj.TSTSTransionKitDemo;
				PRODUCT_NAME = "$(TARGET_NAME)";
				TARGETED_DEVICE_FAMILY = 1;
			};
			name = Release;
		};
		6CD91B3C20DA2C7300DC0F6A /* Debug */ = {
			isa = XCBuildConfiguration;
			buildSettings = {
				BUNDLE_LOADER = "$(TEST_HOST)";
				CODE_SIGN_STYLE = Automatic;
				DEVELOPMENT_TEAM = G9TR9D33ZW;
				INFOPLIST_FILE = TSTSTransionKitDemoTests/Info.plist;
				LD_RUNPATH_SEARCH_PATHS = "$(inherited) @executable_path/Frameworks @loader_path/Frameworks";
				PRODUCT_BUNDLE_IDENTIFIER = com.harpbj.TSTSTransionKitDemoTests;
				PRODUCT_NAME = "$(TARGET_NAME)";
				TARGETED_DEVICE_FAMILY = "1,2";
				TEST_HOST = "$(BUILT_PRODUCTS_DIR)/TSTSTransionKitDemo.app/TSTSTransionKitDemo";
			};
			name = Debug;
		};
		6CD91B3D20DA2C7300DC0F6A /* Release */ = {
			isa = XCBuildConfiguration;
			buildSettings = {
				BUNDLE_LOADER = "$(TEST_HOST)";
				CODE_SIGN_STYLE = Automatic;
				DEVELOPMENT_TEAM = G9TR9D33ZW;
				INFOPLIST_FILE = TSTSTransionKitDemoTests/Info.plist;
				LD_RUNPATH_SEARCH_PATHS = "$(inherited) @executable_path/Frameworks @loader_path/Frameworks";
				PRODUCT_BUNDLE_IDENTIFIER = com.harpbj.TSTSTransionKitDemoTests;
				PRODUCT_NAME = "$(TARGET_NAME)";
				TARGETED_DEVICE_FAMILY = "1,2";
				TEST_HOST = "$(BUILT_PRODUCTS_DIR)/TSTSTransionKitDemo.app/TSTSTransionKitDemo";
			};
			name = Release;
		};
		6CD91B3F20DA2C7300DC0F6A /* Debug */ = {
			isa = XCBuildConfiguration;
			buildSettings = {
				CODE_SIGN_STYLE = Automatic;
				DEVELOPMENT_TEAM = G9TR9D33ZW;
				INFOPLIST_FILE = TSTSTransionKitDemoUITests/Info.plist;
				LD_RUNPATH_SEARCH_PATHS = "$(inherited) @executable_path/Frameworks @loader_path/Frameworks";
				PRODUCT_BUNDLE_IDENTIFIER = com.harpbj.TSTSTransionKitDemoUITests;
				PRODUCT_NAME = "$(TARGET_NAME)";
				TARGETED_DEVICE_FAMILY = "1,2";
				TEST_TARGET_NAME = TSTSTransionKitDemo;
			};
			name = Debug;
		};
		6CD91B4020DA2C7300DC0F6A /* Release */ = {
			isa = XCBuildConfiguration;
			buildSettings = {
				CODE_SIGN_STYLE = Automatic;
				DEVELOPMENT_TEAM = G9TR9D33ZW;
				INFOPLIST_FILE = TSTSTransionKitDemoUITests/Info.plist;
				LD_RUNPATH_SEARCH_PATHS = "$(inherited) @executable_path/Frameworks @loader_path/Frameworks";
				PRODUCT_BUNDLE_IDENTIFIER = com.harpbj.TSTSTransionKitDemoUITests;
				PRODUCT_NAME = "$(TARGET_NAME)";
				TARGETED_DEVICE_FAMILY = "1,2";
				TEST_TARGET_NAME = TSTSTransionKitDemo;
			};
			name = Release;
		};
/* End XCBuildConfiguration section */

/* Begin XCConfigurationList section */
		6CD91B0720DA2C7200DC0F6A /* Build configuration list for PBXProject "TSTSTransionKitDemo" */ = {
			isa = XCConfigurationList;
			buildConfigurations = (
				6CD91B3620DA2C7300DC0F6A /* Debug */,
				6CD91B3720DA2C7300DC0F6A /* Release */,
			);
			defaultConfigurationIsVisible = 0;
			defaultConfigurationName = Release;
		};
		6CD91B3820DA2C7300DC0F6A /* Build configuration list for PBXNativeTarget "TSTSTransionKitDemo" */ = {
			isa = XCConfigurationList;
			buildConfigurations = (
				6CD91B3920DA2C7300DC0F6A /* Debug */,
				6CD91B3A20DA2C7300DC0F6A /* Release */,
			);
			defaultConfigurationIsVisible = 0;
			defaultConfigurationName = Release;
		};
		6CD91B3B20DA2C7300DC0F6A /* Build configuration list for PBXNativeTarget "TSTSTransionKitDemoTests" */ = {
			isa = XCConfigurationList;
			buildConfigurations = (
				6CD91B3C20DA2C7300DC0F6A /* Debug */,
				6CD91B3D20DA2C7300DC0F6A /* Release */,
			);
			defaultConfigurationIsVisible = 0;
			defaultConfigurationName = Release;
		};
		6CD91B3E20DA2C7300DC0F6A /* Build configuration list for PBXNativeTarget "TSTSTransionKitDemoUITests" */ = {
			isa = XCConfigurationList;
			buildConfigurations = (
				6CD91B3F20DA2C7300DC0F6A /* Debug */,
				6CD91B4020DA2C7300DC0F6A /* Release */,
			);
			defaultConfigurationIsVisible = 0;
			defaultConfigurationName = Release;
		};
/* End XCConfigurationList section */
	};
	rootObject = 6CD91B0420DA2C7200DC0F6A /* Project object */;
}
